Microsoft Visual Studio Solution File, Format Version 12.00
# Visual Studio Version 17
VisualStudioVersion = 17.5.2.0
MinimumVisualStudioVersion = 10.0.40219.1
Project("{FAE04EC0-301F-11D3-BF4B-00C04F79EFBC}") = "BurnupApi", "BurnupApi\BurnupApi.csproj", "{342B3DFC-6CAC-7CC3-14DA-9AE0552D737D}"
EndProject
Global
	GlobalSection(SolutionConfigurationPlatforms) = preSolution
		Debug|Any CPU = Debug|Any CPU
		Release|Any CPU = Release|Any CPU
	EndGlobalSection
	GlobalSection(ProjectConfigurationPlatforms) = postSolution
		{342B3DFC-6CAC-7CC3-14DA-9AE0552D737D}.Debug|Any CPU.ActiveCfg = Debug|Any CPU
		{342B3DFC-6CAC-7CC3-14DA-9AE0552D737D}.Debug|Any CPU.Build.0 = Debug|Any CPU
		{342B3DFC-6CAC-7CC3-14DA-9AE0552D737D}.Release|Any CPU.ActiveCfg = Release|Any CPU
		{342B3DFC-6CAC-7CC3-14DA-9AE0552D737D}.Release|Any CPU.Build.0 = Release|Any CPU
	EndGlobalSection
	GlobalSection(SolutionProperties) = preSolution
		HideSolutionNode = FALSE
	EndGlobalSection
	GlobalSection(ExtensibilityGlobals) = postSolution
		SolutionGuid = {5139555F-242A-4EA3-BF44-7D74C41E8C82}
	EndGlobalSection
EndGlobal
